
Microsoft Visual Studio Solution File, Format Version 12.00
# Visual Studio Version 16
VisualStudioVersion = 16.0.29519.181
MinimumVisualStudioVersion = 10.0.40219.1
Project("{FAE04EC0-301F-11D3-BF4B-00C04F79EFBC}") = "UnityUtilities", "UnityUtilities\UnityUtilities.csproj", "{8CAD1FC2-A780-4FE8-97D1-81E604409CB2}"
EndProject
Global
	GlobalSection(SolutionConfigurationPlatforms) = preSolution
		Debug|Any CPU = Debug|Any CPU
		Release|Any CPU = Release|Any CPU
	EndGlobalSection
	GlobalSection(ProjectConfigurationPlatforms) = postSolution
		{8CAD1FC2-A780-4FE8-97D1-81E604409CB2}.Debug|Any CPU.ActiveCfg = Debug|Any CPU
		{8CAD1FC2-A780-4FE8-97D1-81E604409CB2}.Debug|Any CPU.Build.0 = Debug|Any CPU
		{8CAD1FC2-A780-4FE8-97D1-81E604409CB2}.Release|Any CPU.ActiveCfg = Release|Any CPU
		{8CAD1FC2-A780-4FE8-97D1-81E604409CB2}.Release|Any CPU.Build.0 = Release|Any CPU
	EndGlobalSection
	GlobalSection(SolutionProperties) = preSolution
		HideSolutionNode = FALSE
	EndGlobalSection
	GlobalSection(ExtensibilityGlobals) = postSolution
		SolutionGuid = {CF30AD9F-BA74-40C4-9364-8C8BA65F40BF}
	EndGlobalSection
EndGlobal
